{
  "name": "cv",
  "version": "1.0.0",
  "lockfileVersion": 2,
  "requires": true,
  "packages": {
    "": {
      "name": "cv",
      "version": "1.0.0",
      "license": "ISC",
      "dependencies": {
        "@nurvus/spawn": "git+https://github.com/UnfocusedDrive/Spawn.git#master",
        "particleground": "git+https://github.com/UnfocusedDrive/particleground.git#master"
      }
    },
    "node_modules/@nurvus/spawn": {
      "version": "0.0.0-alpha.0",
      "resolved": "git+ssh://git@github.com/UnfocusedDrive/Spawn.git#891e522b37c18aff91c2eec425e8ce3ab72852b3",
      "integrity": "sha512-CdG6L2XgVADFr6xB+szQ3v85DBtwjcS1nZ8DDnMlRCKwYy6yvTK1ekOsKLx9D86+srCqtaejVFtkhB3iSAF89A==",
      "license": "MIT"
    },
    "node_modules/particleground": {
      "version": "1.0.0",
      "resolved": "git+ssh://git@github.com/UnfocusedDrive/particleground.git#9a2a2c5f8fcebf8b5a971efc23d00915d1257aaf",
      "integrity": "sha512-vnWBpscD8bXvY+ZvNDD6K/Y6i86UDYCzJrncRskIFcmB27cM6U8Xp1l5WlLXb4v7vjsGQgSEf3gcVy8eDNoSIQ==",
      "license": "ISC"
    }
  },
  "dependencies": {
    "@nurvus/spawn": {
      "version": "git+ssh://git@github.com/UnfocusedDrive/Spawn.git#891e522b37c18aff91c2eec425e8ce3ab72852b3",
      "from": "@nurvus/spawn@git+https://github.com/UnfocusedDrive/Spawn.git#master"
    },
    "particleground": {
      "version": "git+ssh://git@github.com/UnfocusedDrive/particleground.git#9a2a2c5f8fcebf8b5a971efc23d00915d1257aaf",
      "from": "particleground@git+https://github.com/UnfocusedDrive/particleground.git#master"
    }
  }
}
